lockfileVersion: '9.0'

settings:
  autoInstallPeers: true
  excludeLinksFromLockfile: false

importers:

  .:
    devDependencies:
      only-allow:
        specifier: ^1.2.1
        version: 1.2.1

packages:

  only-allow@1.2.1:
    resolution: {integrity: sha512-M7CJbmv7UCopc0neRKdzfoGWaVZC+xC1925GitKH9EAqYFzX9//25Q7oX4+jw0tiCCj+t5l6VZh8UPH23NZkMA==}
    hasBin: true

  which-pm-runs@1.1.0:
    resolution: {integrity: sha512-n1brCuqClxfFfq/Rb0ICg9giSZqCS+pLtccdag6C2HyufBrh3fBOiy9nb6ggRMvWOVH5GrdJskj5iGTZNxd7SA==}
    engines: {node: '>=4'}

snapshots:

  only-allow@1.2.1:
    dependencies:
      which-pm-runs: 1.1.0

  which-pm-runs@1.1.0: {}
